
Microsoft Visual Studio Solution File, Format Version 12.00
# Visual Studio Version 16
VisualStudioVersion = 16.0.31205.134
MinimumVisualStudioVersion = 10.0.40219.1
Project("{FAE04EC0-301F-11D3-BF4B-00C04F79EFBC}") = "General Ledger", "Accounting Project\General Ledger.csproj", "{8E5CCD9E-7703-4810-91B0-C4FF298E1CD6}"
EndProject
Project("{54435603-DBB4-11D2-8724-00A0C9A8B90C}") = "AccountantAHS", "AccountantAHS\AccountantAHS.vdproj", "{8FAA1BBD-E590-47B6-BCE1-CC4B3DE2AF9D}"
EndProject
Global
	GlobalSection(SolutionConfigurationPlatforms) = preSolution
		Debug|Any CPU = Debug|Any CPU
		Release|Any CPU = Release|Any CPU
	EndGlobalSection
	GlobalSection(ProjectConfigurationPlatforms) = postSolution
		{8E5CCD9E-7703-4810-91B0-C4FF298E1CD6}.Debug|Any CPU.ActiveCfg = Debug|Any CPU
		{8E5CCD9E-7703-4810-91B0-C4FF298E1CD6}.Debug|Any CPU.Build.0 = Debug|Any CPU
		{8E5CCD9E-7703-4810-91B0-C4FF298E1CD6}.Release|Any CPU.ActiveCfg = Release|Any CPU
		{8E5CCD9E-7703-4810-91B0-C4FF298E1CD6}.Release|Any CPU.Build.0 = Release|Any CPU
		{8FAA1BBD-E590-47B6-BCE1-CC4B3DE2AF9D}.Debug|Any CPU.ActiveCfg = Debug
		{8FAA1BBD-E590-47B6-BCE1-CC4B3DE2AF9D}.Release|Any CPU.ActiveCfg = Release
	EndGlobalSection
	GlobalSection(SolutionProperties) = preSolution
		HideSolutionNode = FALSE
	EndGlobalSection
	GlobalSection(ExtensibilityGlobals) = postSolution
		SolutionGuid = {79BC5E12-1AE6-4A17-BF0C-65E49DD1EB9D}
	EndGlobalSection
EndGlobal
